
Microsoft Visual Studio Solution File, Format Version 12.00
# Visual Studio Version 17
VisualStudioVersion = 17.14.36623.8 d17.14
MinimumVisualStudioVersion = 10.0.40219.1
Project("{FAE04EC0-301F-11D3-BF4B-00C04F79EFBC}") = "Task 1", "Task 1\Task 1.csproj", "{E7CEFA90-9862-49D2-85E0-9783A07CEC7A}"
EndProject
Project("{2150E333-8FDC-42A3-9474-1A3956D46DE8}") = "Solution Items", "Solution Items", "{8EC462FD-D22E-90A8-E5CE-7E832BA40C5D}"
	ProjectSection(SolutionItems) = preProject
		.gitignore = .gitignore
	EndProjectSection
EndProject
Project("{FAE04EC0-301F-11D3-BF4B-00C04F79EFBC}") = "Task 2", "Task 2\Task 2.csproj", "{ECC122E4-FB62-4DF6-B068-19756D76014E}"
EndProject
Project("{FAE04EC0-301F-11D3-BF4B-00C04F79EFBC}") = "Task 3", "Task 3\Task 3.csproj", "{D9FE5931-6B96-4B29-916D-E72F54C5DE48}"
EndProject
Project("{FAE04EC0-301F-11D3-BF4B-00C04F79EFBC}") = "Task 4", "Task 4\Task 4.csproj", "{8307A788-BD02-4AF8-99A1-81248D29FD32}"
EndProject
Project("{FAE04EC0-301F-11D3-BF4B-00C04F79EFBC}") = "Task 5", "Task 5\Task 5.csproj", "{ABEABB15-594C-4911-903F-89F09EC8529E}"
EndProject
Project("{FAE04EC0-301F-11D3-BF4B-00C04F79EFBC}") = "Task 6", "Task 6\Task 6.csproj", "{181193AC-A6BE-4BE8-B7AD-A3B745C98194}"
EndProject
Global
	GlobalSection(SolutionConfigurationPlatforms) = preSolution
		Debug|Any CPU = Debug|Any CPU
		Release|Any CPU = Release|Any CPU
	EndGlobalSection
	GlobalSection(ProjectConfigurationPlatforms) = postSolution
		{E7CEFA90-9862-49D2-85E0-9783A07CEC7A}.Debug|Any CPU.ActiveCfg = Debug|Any CPU
		{E7CEFA90-9862-49D2-85E0-9783A07CEC7A}.Debug|Any CPU.Build.0 = Debug|Any CPU
		{E7CEFA90-9862-49D2-85E0-9783A07CEC7A}.Release|Any CPU.ActiveCfg = Release|Any CPU
		{E7CEFA90-9862-49D2-85E0-9783A07CEC7A}.Release|Any CPU.Build.0 = Release|Any CPU
		{ECC122E4-FB62-4DF6-B068-19756D76014E}.Debug|Any CPU.ActiveCfg = Debug|Any CPU
		{ECC122E4-FB62-4DF6-B068-19756D76014E}.Debug|Any CPU.Build.0 = Debug|Any CPU
		{ECC122E4-FB62-4DF6-B068-19756D76014E}.Release|Any CPU.ActiveCfg = Release|Any CPU
		{ECC122E4-FB62-4DF6-B068-19756D76014E}.Release|Any CPU.Build.0 = Release|Any CPU
		{D9FE5931-6B96-4B29-916D-E72F54C5DE48}.Debug|Any CPU.ActiveCfg = Debug|Any CPU
		{D9FE5931-6B96-4B29-916D-E72F54C5DE48}.Debug|Any CPU.Build.0 = Debug|Any CPU
		{D9FE5931-6B96-4B29-916D-E72F54C5DE48}.Release|Any CPU.ActiveCfg = Release|Any CPU
		{D9FE5931-6B96-4B29-916D-E72F54C5DE48}.Release|Any CPU.Build.0 = Release|Any CPU
		{8307A788-BD02-4AF8-99A1-81248D29FD32}.Debug|Any CPU.ActiveCfg = Debug|Any CPU
		{8307A788-BD02-4AF8-99A1-81248D29FD32}.Debug|Any CPU.Build.0 = Debug|Any CPU
		{8307A788-BD02-4AF8-99A1-81248D29FD32}.Release|Any CPU.ActiveCfg = Release|Any CPU
		{8307A788-BD02-4AF8-99A1-81248D29FD32}.Release|Any CPU.Build.0 = Release|Any CPU
		{ABEABB15-594C-4911-903F-89F09EC8529E}.Debug|Any CPU.ActiveCfg = Debug|Any CPU
		{ABEABB15-594C-4911-903F-89F09EC8529E}.Debug|Any CPU.Build.0 = Debug|Any CPU
		{ABEABB15-594C-4911-903F-89F09EC8529E}.Release|Any CPU.ActiveCfg = Release|Any CPU
		{ABEABB15-594C-4911-903F-89F09EC8529E}.Release|Any CPU.Build.0 = Release|Any CPU
		{181193AC-A6BE-4BE8-B7AD-A3B745C98194}.Debug|Any CPU.ActiveCfg = Debug|Any CPU
		{181193AC-A6BE-4BE8-B7AD-A3B745C98194}.Debug|Any CPU.Build.0 = Debug|Any CPU
		{181193AC-A6BE-4BE8-B7AD-A3B745C98194}.Release|Any CPU.ActiveCfg = Release|Any CPU
		{181193AC-A6BE-4BE8-B7AD-A3B745C98194}.Release|Any CPU.Build.0 = Release|Any CPU
	EndGlobalSection
	GlobalSection(SolutionProperties) = preSolution
		HideSolutionNode = FALSE
	EndGlobalSection
	GlobalSection(ExtensibilityGlobals) = postSolution
		SolutionGuid = {41E5ACC0-FC5C-4452-A1CD-23716C2BC77D}
	EndGlobalSection
EndGlobal
